
Microsoft Visual Studio Solution File, Format Version 12.00
# Visual Studio Version 17
VisualStudioVersion = 17.1.32210.238
MinimumVisualStudioVersion = 10.0.40219.1
Project("{FAE04EC0-301F-11D3-BF4B-00C04F79EFBC}") = "SampleWeb", "SampleWeb\SampleWeb.csproj", "{CC42BAE6-FC0B-433A-AED4-7FEC8B901014}"
EndProject
Global
	GlobalSection(SolutionConfigurationPlatforms) = preSolution
		Debug|Any CPU = Debug|Any CPU
		Release|Any CPU = Release|Any CPU
	EndGlobalSection
	GlobalSection(ProjectConfigurationPlatforms) = postSolution
		{CC42BAE6-FC0B-433A-AED4-7FEC8B901014}.Debug|Any CPU.ActiveCfg = Debug|Any CPU
		{CC42BAE6-FC0B-433A-AED4-7FEC8B901014}.Debug|Any CPU.Build.0 = Debug|Any CPU
		{CC42BAE6-FC0B-433A-AED4-7FEC8B901014}.Release|Any CPU.ActiveCfg = Release|Any CPU
		{CC42BAE6-FC0B-433A-AED4-7FEC8B901014}.Release|Any CPU.Build.0 = Release|Any CPU
	EndGlobalSection
	GlobalSection(SolutionProperties) = preSolution
		HideSolutionNode = FALSE
	EndGlobalSection
	GlobalSection(ExtensibilityGlobals) = postSolution
		SolutionGuid = {A7028945-EE68-4F16-A882-91A0333E070F}
	EndGlobalSection
EndGlobal
